
Microsoft Visual Studio Solution File, Format Version 12.00
# Visual Studio 2012
Project("{FAE04EC0-301F-11D3-BF4B-00C04F79EFBC}") = "MicroAssistant.Cache", "MicroAssistant.Cache\MicroAssistant.Cache.csproj", "{4DC26C0C-A269-4189-B5AC-739F957E2068}"
EndProject
Project("{FAE04EC0-301F-11D3-BF4B-00C04F79EFBC}") = "MicroAssistant.Common", "MicroAssistant.Common\MicroAssistant.Common.csproj", "{1EBF64EA-0FDE-4408-9513-A7F3C4C5FB0E}"
EndProject
Project("{FAE04EC0-301F-11D3-BF4B-00C04F79EFBC}") = "MicroAssistant.DataAccess", "MicroAssistant.DataAccess\MicroAssistant.DataAccess.csproj", "{F9E29E2D-30C2-4B33-92F8-5876B40ABDE9}"
EndProject
Project("{FAE04EC0-301F-11D3-BF4B-00C04F79EFBC}") = "MicroAssistant.DataStructure", "MicroAssistant.DataStructure\MicroAssistant.DataStructure.csproj", "{BAD691E1-98E4-4130-9696-0832DD8949D9}"
EndProject
Project("{FAE04EC0-301F-11D3-BF4B-00C04F79EFBC}") = "MicroAssistant.Meta", "MicroAssistant.Meta\MicroAssistant.Meta.csproj", "{626060A8-1116-4E49-A252-D3FB4503E096}"
EndProject
Project("{FAE04EC0-301F-11D3-BF4B-00C04F79EFBC}") = "MicroAssistantMvc", "MicroAssistantMvc\MicroAssistantMvc.csproj", "{B2A3FC67-3077-447A-BBD1-DCA801094DC7}"
EndProject
Project("{FAE04EC0-301F-11D3-BF4B-00C04F79EFBC}") = "MicroAssistantMvc.Tests", "MicroAssistantMvc.Tests\MicroAssistantMvc.Tests.csproj", "{E43DC235-8381-4DA0-B702-D1386D1FBBBF}"
EndProject
Project("{FAE04EC0-301F-11D3-BF4B-00C04F79EFBC}") = "MicroAssistantPortal", "MicroAssistantPortal\MicroAssistantPortal.csproj", "{C6F259E1-1F3A-4D68-8F3F-7A595D1C3FEE}"
EndProject
Global
	GlobalSection(SolutionConfigurationPlatforms) = preSolution
		Debug|Any CPU = Debug|Any CPU
		Release|Any CPU = Release|Any CPU
	EndGlobalSection
	GlobalSection(ProjectConfigurationPlatforms) = postSolution
		{4DC26C0C-A269-4189-B5AC-739F957E2068}.Debug|Any CPU.ActiveCfg = Debug|Any CPU
		{4DC26C0C-A269-4189-B5AC-739F957E2068}.Debug|Any CPU.Build.0 = Debug|Any CPU
		{4DC26C0C-A269-4189-B5AC-739F957E2068}.Release|Any CPU.ActiveCfg = Release|Any CPU
		{4DC26C0C-A269-4189-B5AC-739F957E2068}.Release|Any CPU.Build.0 = Release|Any CPU
		{1EBF64EA-0FDE-4408-9513-A7F3C4C5FB0E}.Debug|Any CPU.ActiveCfg = Debug|Any CPU
		{1EBF64EA-0FDE-4408-9513-A7F3C4C5FB0E}.Debug|Any CPU.Build.0 = Debug|Any CPU
		{1EBF64EA-0FDE-4408-9513-A7F3C4C5FB0E}.Release|Any CPU.ActiveCfg = Release|Any CPU
		{1EBF64EA-0FDE-4408-9513-A7F3C4C5FB0E}.Release|Any CPU.Build.0 = Release|Any CPU
		{F9E29E2D-30C2-4B33-92F8-5876B40ABDE9}.Debug|Any CPU.ActiveCfg = Debug|Any CPU
		{F9E29E2D-30C2-4B33-92F8-5876B40ABDE9}.Debug|Any CPU.Build.0 = Debug|Any CPU
		{F9E29E2D-30C2-4B33-92F8-5876B40ABDE9}.Release|Any CPU.ActiveCfg = Release|Any CPU
		{F9E29E2D-30C2-4B33-92F8-5876B40ABDE9}.Release|Any CPU.Build.0 = Release|Any CPU
		{BAD691E1-98E4-4130-9696-0832DD8949D9}.Debug|Any CPU.ActiveCfg = Debug|Any CPU
		{BAD691E1-98E4-4130-9696-0832DD8949D9}.Debug|Any CPU.Build.0 = Debug|Any CPU
		{BAD691E1-98E4-4130-9696-0832DD8949D9}.Release|Any CPU.ActiveCfg = Release|Any CPU
		{BAD691E1-98E4-4130-9696-0832DD8949D9}.Release|Any CPU.Build.0 = Release|Any CPU
		{626060A8-1116-4E49-A252-D3FB4503E096}.Debug|Any CPU.ActiveCfg = Debug|Any CPU
		{626060A8-1116-4E49-A252-D3FB4503E096}.Debug|Any CPU.Build.0 = Debug|Any CPU
		{626060A8-1116-4E49-A252-D3FB4503E096}.Release|Any CPU.ActiveCfg = Release|Any CPU
		{626060A8-1116-4E49-A252-D3FB4503E096}.Release|Any CPU.Build.0 = Release|Any CPU
		{B2A3FC67-3077-447A-BBD1-DCA801094DC7}.Debug|Any CPU.ActiveCfg = Debug|Any CPU
		{B2A3FC67-3077-447A-BBD1-DCA801094DC7}.Debug|Any CPU.Build.0 = Debug|Any CPU
		{B2A3FC67-3077-447A-BBD1-DCA801094DC7}.Release|Any CPU.ActiveCfg = Release|Any CPU
		{B2A3FC67-3077-447A-BBD1-DCA801094DC7}.Release|Any CPU.Build.0 = Release|Any CPU
		{E43DC235-8381-4DA0-B702-D1386D1FBBBF}.Debug|Any CPU.ActiveCfg = Debug|Any CPU
		{E43DC235-8381-4DA0-B702-D1386D1FBBBF}.Debug|Any CPU.Build.0 = Debug|Any CPU
		{E43DC235-8381-4DA0-B702-D1386D1FBBBF}.Release|Any CPU.ActiveCfg = Release|Any CPU
		{E43DC235-8381-4DA0-B702-D1386D1FBBBF}.Release|Any CPU.Build.0 = Release|Any CPU
		{C6F259E1-1F3A-4D68-8F3F-7A595D1C3FEE}.Debug|Any CPU.ActiveCfg = Debug|Any CPU
		{C6F259E1-1F3A-4D68-8F3F-7A595D1C3FEE}.Debug|Any CPU.Build.0 = Debug|Any CPU
		{C6F259E1-1F3A-4D68-8F3F-7A595D1C3FEE}.Release|Any CPU.ActiveCfg = Release|Any CPU
		{C6F259E1-1F3A-4D68-8F3F-7A595D1C3FEE}.Release|Any CPU.Build.0 = Release|Any CPU
	EndGlobalSection
	GlobalSection(SolutionProperties) = preSolution
		HideSolutionNode = FALSE
	EndGlobalSection
EndGlobal
